
Microsoft Visual Studio Solution File, Format Version 12.00
# Visual Studio Version 17
VisualStudioVersion = 17.6.33801.468
MinimumVisualStudioVersion = 10.0.40219.1
Project("{FAE04EC0-301F-11D3-BF4B-00C04F79EFBC}") = "autoriaa001", "autoriaa001\autoriaa001.csproj", "{22562F30-06CB-4E07-8ACF-19D02336767B}"
EndProject
Global
	GlobalSection(SolutionConfigurationPlatforms) = preSolution
		Debug|Any CPU = Debug|Any CPU
		Release|Any CPU = Release|Any CPU
	EndGlobalSection
	GlobalSection(ProjectConfigurationPlatforms) = postSolution
		{22562F30-06CB-4E07-8ACF-19D02336767B}.Debug|Any CPU.ActiveCfg = Debug|Any CPU
		{22562F30-06CB-4E07-8ACF-19D02336767B}.Debug|Any CPU.Build.0 = Debug|Any CPU
		{22562F30-06CB-4E07-8ACF-19D02336767B}.Release|Any CPU.ActiveCfg = Release|Any CPU
		{22562F30-06CB-4E07-8ACF-19D02336767B}.Release|Any CPU.Build.0 = Release|Any CPU
	EndGlobalSection
	GlobalSection(SolutionProperties) = preSolution
		HideSolutionNode = FALSE
	EndGlobalSection
	GlobalSection(ExtensibilityGlobals) = postSolution
		SolutionGuid = {E8069673-E76C-4326-A772-88C4E1BA6524}
	EndGlobalSection
EndGlobal
